
Microsoft Visual Studio Solution File, Format Version 12.00
# Visual Studio Version 17
VisualStudioVersion = 17.4.33110.190
MinimumVisualStudioVersion = 10.0.40219.1
Project("{FAE04EC0-301F-11D3-BF4B-00C04F79EFBC}") = "BulkyWeb", "BulkyWeb\BulkyWeb.csproj", "{C37E8E4D-FC8C-4949-8EC9-5B732CEAA831}"
EndProject
Global
	GlobalSection(SolutionConfigurationPlatforms) = preSolution
		Debug|Any CPU = Debug|Any CPU
		Release|Any CPU = Release|Any CPU
	EndGlobalSection
	GlobalSection(ProjectConfigurationPlatforms) = postSolution
		{C37E8E4D-FC8C-4949-8EC9-5B732CEAA831}.Debug|Any CPU.ActiveCfg = Debug|Any CPU
		{C37E8E4D-FC8C-4949-8EC9-5B732CEAA831}.Debug|Any CPU.Build.0 = Debug|Any CPU
		{C37E8E4D-FC8C-4949-8EC9-5B732CEAA831}.Release|Any CPU.ActiveCfg = Release|Any CPU
		{C37E8E4D-FC8C-4949-8EC9-5B732CEAA831}.Release|Any CPU.Build.0 = Release|Any CPU
	EndGlobalSection
	GlobalSection(SolutionProperties) = preSolution
		HideSolutionNode = FALSE
	EndGlobalSection
	GlobalSection(ExtensibilityGlobals) = postSolution
		SolutionGuid = {C84E7783-5485-483F-916C-1346A2CB6DCC}
	EndGlobalSection
EndGlobal
